
Microsoft Visual Studio Solution File, Format Version 12.00
# Visual Studio Version 17
VisualStudioVersion = 17.14.36603.0 d17.14
MinimumVisualStudioVersion = 10.0.40219.1
Project("{FAE04EC0-301F-11D3-BF4B-00C04F79EFBC}") = "Webnhannuoi", "Webnhannuoi.csproj", "{553B348F-43F7-424E-B2D0-D33627EC8C44}"
EndProject
Global
	GlobalSection(SolutionConfigurationPlatforms) = preSolution
		Debug|Any CPU = Debug|Any CPU
		Release|Any CPU = Release|Any CPU
	EndGlobalSection
	GlobalSection(ProjectConfigurationPlatforms) = postSolution
		{553B348F-43F7-424E-B2D0-D33627EC8C44}.Debug|Any CPU.ActiveCfg = Debug|Any CPU
		{553B348F-43F7-424E-B2D0-D33627EC8C44}.Debug|Any CPU.Build.0 = Debug|Any CPU
		{553B348F-43F7-424E-B2D0-D33627EC8C44}.Release|Any CPU.ActiveCfg = Release|Any CPU
		{553B348F-43F7-424E-B2D0-D33627EC8C44}.Release|Any CPU.Build.0 = Release|Any CPU
	EndGlobalSection
	GlobalSection(SolutionProperties) = preSolution
		HideSolutionNode = FALSE
	EndGlobalSection
	GlobalSection(ExtensibilityGlobals) = postSolution
		SolutionGuid = {86B67BA3-EE9A-4CDD-B2C4-6D8E93A5E158}
	EndGlobalSection
EndGlobal
